
Microsoft Visual Studio Solution File, Format Version 12.00
# Visual Studio 15
VisualStudioVersion = 15.0.26228.10
MinimumVisualStudioVersion = 10.0.40219.1
Project("{8BC9CEB8-8B4A-11D0-8D11-00A0C91BC942}") = "DetoursLib", "DetoursLib\DetoursLib.vcxproj", "{849C6CF7-CDEE-40C5-A3AF-F941A8346ADB}"
EndProject
Project("{8BC9CEB8-8B4A-11D0-8D11-00A0C91BC942}") = "MsgDll", "MgsDll\MsgDll.vcxproj", "{9913D99A-DB06-4473-8CEB-3F393AE6BCFD}"
EndProject
Project("{8BC9CEB8-8B4A-11D0-8D11-00A0C91BC942}") = "MgsLib", "MgsLib\MgsLib.vcxproj", "{8D2D8161-0574-44E4-AD40-E4E23CD86DF1}"
EndProject
Project("{8BC9CEB8-8B4A-11D0-8D11-00A0C91BC942}") = "MgsExe", "MgsExe\MgsExe.vcxproj", "{D190DB4A-8B68-4B97-837C-F7E872C20ECB}"
EndProject
Project("{8BC9CEB8-8B4A-11D0-8D11-00A0C91BC942}") = "gmock", "gmock\gmock.vcxproj", "{C4F72BA1-FA06-48BB-80C7-CFB655B970D7}"
EndProject
Project("{2150E333-8FDC-42A3-9474-1A3956D46DE8}") = "3rdParty", "3rdParty", "{BA8F6519-6E86-4396-AB07-8EC640C1D73C}"
EndProject
Project("{8BC9CEB8-8B4A-11D0-8D11-00A0C91BC942}") = "Tests", "Tests\Tests.vcxproj", "{85F8859D-EE56-4093-A469-30D0B2D86089}"
EndProject
Project("{8BC9CEB8-8B4A-11D0-8D11-00A0C91BC942}") = "GCLASM", "GCLASM\GCLASM.vcxproj", "{D7F01A56-1CE9-4C38-A76F-B002F5A88629}"
EndProject
Project("{8BC9CEB8-8B4A-11D0-8D11-00A0C91BC942}") = "EasyLogging", "..\3rdParty\EasyLogging++\EasyLogging\EasyLogging.vcxproj", "{9D763EF0-B6B6-4107-A2E1-E511B0EB8CF7}"
EndProject
Global
	GlobalSection(SolutionConfigurationPlatforms) = preSolution
		Debug|Win32 = Debug|Win32
		Debug|x64 = Debug|x64
		Release|Win32 = Release|Win32
		Release|x64 = Release|x64
	EndGlobalSection
	GlobalSection(ProjectConfigurationPlatforms) = postSolution
		{849C6CF7-CDEE-40C5-A3AF-F941A8346ADB}.Debug|Win32.ActiveCfg = Debug|Win32
		{849C6CF7-CDEE-40C5-A3AF-F941A8346ADB}.Debug|Win32.Build.0 = Debug|Win32
		{849C6CF7-CDEE-40C5-A3AF-F941A8346ADB}.Debug|x64.ActiveCfg = Debug|Win32
		{849C6CF7-CDEE-40C5-A3AF-F941A8346ADB}.Release|Win32.ActiveCfg = Release|Win32
		{849C6CF7-CDEE-40C5-A3AF-F941A8346ADB}.Release|Win32.Build.0 = Release|Win32
		{849C6CF7-CDEE-40C5-A3AF-F941A8346ADB}.Release|x64.ActiveCfg = Release|Win32
		{9913D99A-DB06-4473-8CEB-3F393AE6BCFD}.Debug|Win32.ActiveCfg = Debug|Win32
		{9913D99A-DB06-4473-8CEB-3F393AE6BCFD}.Debug|Win32.Build.0 = Debug|Win32
		{9913D99A-DB06-4473-8CEB-3F393AE6BCFD}.Debug|x64.ActiveCfg = Debug|Win32
		{9913D99A-DB06-4473-8CEB-3F393AE6BCFD}.Release|Win32.ActiveCfg = Release|Win32
		{9913D99A-DB06-4473-8CEB-3F393AE6BCFD}.Release|Win32.Build.0 = Release|Win32
		{9913D99A-DB06-4473-8CEB-3F393AE6BCFD}.Release|x64.ActiveCfg = Release|Win32
		{8D2D8161-0574-44E4-AD40-E4E23CD86DF1}.Debug|Win32.ActiveCfg = Debug|Win32
		{8D2D8161-0574-44E4-AD40-E4E23CD86DF1}.Debug|Win32.Build.0 = Debug|Win32
		{8D2D8161-0574-44E4-AD40-E4E23CD86DF1}.Debug|x64.ActiveCfg = Debug|Win32
		{8D2D8161-0574-44E4-AD40-E4E23CD86DF1}.Release|Win32.ActiveCfg = Release|Win32
		{8D2D8161-0574-44E4-AD40-E4E23CD86DF1}.Release|Win32.Build.0 = Release|Win32
		{8D2D8161-0574-44E4-AD40-E4E23CD86DF1}.Release|x64.ActiveCfg = Release|Win32
		{D190DB4A-8B68-4B97-837C-F7E872C20ECB}.Debug|Win32.ActiveCfg = Debug|Win32
		{D190DB4A-8B68-4B97-837C-F7E872C20ECB}.Debug|Win32.Build.0 = Debug|Win32
		{D190DB4A-8B68-4B97-837C-F7E872C20ECB}.Debug|x64.ActiveCfg = Debug|Win32
		{D190DB4A-8B68-4B97-837C-F7E872C20ECB}.Release|Win32.ActiveCfg = Release|Win32
		{D190DB4A-8B68-4B97-837C-F7E872C20ECB}.Release|Win32.Build.0 = Release|Win32
		{D190DB4A-8B68-4B97-837C-F7E872C20ECB}.Release|x64.ActiveCfg = Release|Win32
		{C4F72BA1-FA06-48BB-80C7-CFB655B970D7}.Debug|Win32.ActiveCfg = Debug|Win32
		{C4F72BA1-FA06-48BB-80C7-CFB655B970D7}.Debug|Win32.Build.0 = Debug|Win32
		{C4F72BA1-FA06-48BB-80C7-CFB655B970D7}.Debug|x64.ActiveCfg = Debug|Win32
		{C4F72BA1-FA06-48BB-80C7-CFB655B970D7}.Release|Win32.ActiveCfg = Release|Win32
		{C4F72BA1-FA06-48BB-80C7-CFB655B970D7}.Release|Win32.Build.0 = Release|Win32
		{C4F72BA1-FA06-48BB-80C7-CFB655B970D7}.Release|x64.ActiveCfg = Release|Win32
		{85F8859D-EE56-4093-A469-30D0B2D86089}.Debug|Win32.ActiveCfg = Debug|Win32
		{85F8859D-EE56-4093-A469-30D0B2D86089}.Debug|Win32.Build.0 = Debug|Win32
		{85F8859D-EE56-4093-A469-30D0B2D86089}.Debug|x64.ActiveCfg = Debug|Win32
		{85F8859D-EE56-4093-A469-30D0B2D86089}.Release|Win32.ActiveCfg = Release|Win32
		{85F8859D-EE56-4093-A469-30D0B2D86089}.Release|Win32.Build.0 = Release|Win32
		{85F8859D-EE56-4093-A469-30D0B2D86089}.Release|x64.ActiveCfg = Release|Win32
		{D7F01A56-1CE9-4C38-A76F-B002F5A88629}.Debug|Win32.ActiveCfg = Debug|Win32
		{D7F01A56-1CE9-4C38-A76F-B002F5A88629}.Debug|Win32.Build.0 = Debug|Win32
		{D7F01A56-1CE9-4C38-A76F-B002F5A88629}.Debug|x64.ActiveCfg = Debug|x64
		{D7F01A56-1CE9-4C38-A76F-B002F5A88629}.Debug|x64.Build.0 = Debug|x64
		{D7F01A56-1CE9-4C38-A76F-B002F5A88629}.Release|Win32.ActiveCfg = Release|Win32
		{D7F01A56-1CE9-4C38-A76F-B002F5A88629}.Release|Win32.Build.0 = Release|Win32
		{D7F01A56-1CE9-4C38-A76F-B002F5A88629}.Release|x64.ActiveCfg = Release|x64
		{D7F01A56-1CE9-4C38-A76F-B002F5A88629}.Release|x64.Build.0 = Release|x64
		{9D763EF0-B6B6-4107-A2E1-E511B0EB8CF7}.Debug|Win32.ActiveCfg = Debug|Win32
		{9D763EF0-B6B6-4107-A2E1-E511B0EB8CF7}.Debug|Win32.Build.0 = Debug|Win32
		{9D763EF0-B6B6-4107-A2E1-E511B0EB8CF7}.Debug|x64.ActiveCfg = Debug|x64
		{9D763EF0-B6B6-4107-A2E1-E511B0EB8CF7}.Debug|x64.Build.0 = Debug|x64
		{9D763EF0-B6B6-4107-A2E1-E511B0EB8CF7}.Release|Win32.ActiveCfg = Release|Win32
		{9D763EF0-B6B6-4107-A2E1-E511B0EB8CF7}.Release|Win32.Build.0 = Release|Win32
		{9D763EF0-B6B6-4107-A2E1-E511B0EB8CF7}.Release|x64.ActiveCfg = Release|x64
		{9D763EF0-B6B6-4107-A2E1-E511B0EB8CF7}.Release|x64.Build.0 = Release|x64
	EndGlobalSection
	GlobalSection(SolutionProperties) = preSolution
		HideSolutionNode = FALSE
	EndGlobalSection
	GlobalSection(NestedProjects) = preSolution
		{849C6CF7-CDEE-40C5-A3AF-F941A8346ADB} = {BA8F6519-6E86-4396-AB07-8EC640C1D73C}
		{C4F72BA1-FA06-48BB-80C7-CFB655B970D7} = {BA8F6519-6E86-4396-AB07-8EC640C1D73C}
		{9D763EF0-B6B6-4107-A2E1-E511B0EB8CF7} = {BA8F6519-6E86-4396-AB07-8EC640C1D73C}
	EndGlobalSection
EndGlobal
